
Microsoft Visual Studio Solution File, Format Version 12.00
# Visual Studio Version 16
VisualStudioVersion = 16.0.32413.511
MinimumVisualStudioVersion = 10.0.40219.1
Project("{FAE04EC0-301F-11D3-BF4B-00C04F79EFBC}") = "Homework1", "Homework1\Homework1.csproj", "{6EA97ED5-0804-4652-A60B-7112020C59F9}"
EndProject
Global
	GlobalSection(SolutionConfigurationPlatforms) = preSolution
		Debug|Any CPU = Debug|Any CPU
		Release|Any CPU = Release|Any CPU
	EndGlobalSection
	GlobalSection(ProjectConfigurationPlatforms) = postSolution
		{6EA97ED5-0804-4652-A60B-7112020C59F9}.Debug|Any CPU.ActiveCfg = Debug|Any CPU
		{6EA97ED5-0804-4652-A60B-7112020C59F9}.Debug|Any CPU.Build.0 = Debug|Any CPU
		{6EA97ED5-0804-4652-A60B-7112020C59F9}.Release|Any CPU.ActiveCfg = Release|Any CPU
		{6EA97ED5-0804-4652-A60B-7112020C59F9}.Release|Any CPU.Build.0 = Release|Any CPU
	EndGlobalSection
	GlobalSection(SolutionProperties) = preSolution
		HideSolutionNode = FALSE
	EndGlobalSection
	GlobalSection(ExtensibilityGlobals) = postSolution
		SolutionGuid = {EF0A48A8-05D3-406C-B7E6-A1000DAB72B1}
	EndGlobalSection
EndGlobal
